{
  "requires": true,
  "lockfileVersion": 1,
  "dependencies": {
    "vxe-table": {
      "version": "4.2.8",
      "resolved": "https://registry.npmmirror.com/vxe-table/-/vxe-table-4.2.8.tgz",
      "integrity": "sha512-t0IwE0XHZ+FKrE0x3daqm48OJprXEzDFfZWaqX64W/32n4LcCjywL9cMtL0WwplL3IHpDoe9JfKOp9d+jYwrUA=="
    },
    "xe-utils": {
      "version": "3.5.4",
      "resolved": "https://registry.npmmirror.com/xe-utils/-/xe-utils-3.5.4.tgz",
      "integrity": "sha512-oH7VOgvHv34pn198dhKPVKnuEHV22Q06YpCTVnAS3JuutylmZj/rtJGvn0BxxWQ37w2LgCknoebLA4uIGXwFtw=="
    }
  }
}
